<?xml version="1.0" encoding="UTF-8" standalone="yes" ?>
<CodeBlocks_project_file>
	<FileVersion major="1" minor="6" />
	<Project>
		<Option title="Computing-4FingeredGrasps-SurfacePoints" />
		<Option pch_mode="2" />
		<Option compiler="gcc" />
		<Build>
			<Target title="Debug">
				<Option output="bin/Debug/Computing-4FingeredGrasps-SurfacePoints" prefix_auto="1" extension_auto="1" />
				<Option object_output="obj/Debug/" />
				<Option type="1" />
				<Option compiler="gcc" />
				<Compiler>
					<Add option="-g" />
					<Add directory="include" />
				</Compiler>
			</Target>
			<Target title="Release">
				<Option output="bin/Release/Computing-4FingeredGrasps-SurfacePoints" prefix_auto="1" extension_auto="1" />
				<Option object_output="obj/Release/" />
				<Option type="1" />
				<Option compiler="gcc" />
				<Compiler>
					<Add option="-O2" />
					<Add directory="include" />
				</Compiler>
				<Linker>
					<Add option="-s" />
				</Linker>
			</Target>
		</Build>
		<Compiler>
			<Add option="-std=c++11" />
			<Add option="-Wall" />
			<Add option="-fexceptions -Dqh_QHpointer -fopenmp" />
			<Add directory="/usr/local/include/libUnitTest++" />
			<Add directory="/usr/local/include/libqhull" />
			<Add directory="/usr/local/include/libqhullcpp" />
			<Add directory="/usr/include/eigen3" />
		</Compiler>
		<Linker>
			<Add option="-lqhullcpp" />
			<Add option="-lqhullstatic_p" />
			<Add option="-lgomp" />
			<Add option="-lUnitTest++" />
		</Linker>
		<Unit filename="include/BasicGeometry.hpp" />
		<Unit filename="include/Compute4FingeredGrasps.cpp" />
		<Unit filename="include/Compute4FingeredGrasps.h" />
		<Unit filename="include/ForceClosure.cpp" />
		<Unit filename="include/ForceClosure.h" />
		<Unit filename="include/Grasp.cpp" />
		<Unit filename="include/Grasp.h" />
		<Unit filename="include/OBJFile.cpp" />
		<Unit filename="include/OBJFile.h" />
		<Unit filename="include/ObjectSurfacePoints.cpp" />
		<Unit filename="include/ObjectSurfacePoints.h" />
		<Unit filename="include/PositionsNormalsFile.cpp" />
		<Unit filename="include/PositionsNormalsFile.h" />
		<Unit filename="include/RangeTree2D.cpp" />
		<Unit filename="include/RangeTree2D.h" />
		<Unit filename="include/SamplingPoints.cpp" />
		<Unit filename="include/SamplingPoints.h" />
		<Unit filename="include/SurfacePoint.cpp" />
		<Unit filename="include/SurfacePoint.h" />
		<Unit filename="include/Timer.h" />
		<Unit filename="include/Wrench.cpp" />
		<Unit filename="include/Wrench.h" />
		<Unit filename="include/dae/DaeHeuristic.cpp" />
		<Unit filename="include/dae/DaeHeuristic.h" />
		<Unit filename="include/dae/Display.cpp" />
		<Unit filename="include/dae/Display.h" />
		<Unit filename="include/dae/GlobalCommon.cpp" />
		<Unit filename="include/dae/GlobalCommon.h" />
		<Unit filename="include/dae/GraspingPoint.cpp" />
		<Unit filename="include/dae/GraspingPoint.h" />
		<Unit filename="include/dae/Utils.cpp" />
		<Unit filename="include/dae/Utils.h" />
		<Unit filename="include/dae/daeInts.cpp" />
		<Unit filename="include/dae/daeInts.h" />
		<Unit filename="include/dae/daeUtils.h" />
		<Unit filename="include/dae/mVect.h" />
		<Unit filename="main.cpp" />
		<Unit filename="test/TestBasicGeometry.cpp" />
		<Unit filename="test/TestCompute4FingeredGrasps.cpp" />
		<Unit filename="test/TestForceClosure.cpp" />
		<Unit filename="test/TestGrasp.cpp" />
		<Unit filename="test/TestOBJFile.cpp" />
		<Unit filename="test/TestObjectSurfacePoints.cpp" />
		<Unit filename="test/TestPositionsNormalsFile.cpp" />
		<Unit filename="test/TestSamplingPoints.cpp" />
		<Unit filename="test/TestSurfacePoint.cpp" />
		<Unit filename="test/TestWrench.cpp" />
		<Extensions>
			<code_completion />
			<debugger />
			<envvars />
		</Extensions>
	</Project>
</CodeBlocks_project_file>
